
Microsoft Visual Studio Solution File, Format Version 12.00
# Visual Studio Version 16
VisualStudioVersion = 16.0.29613.14
MinimumVisualStudioVersion = 10.0.40219.1
Project("{9A19103F-16F7-4668-BE54-9A1E7A4F7556}") = "SmartBulb.TpLinkApi", "SmartBulb.TpLinkApi\SmartBulb.TpLinkApi.csproj", "{38C66B61-25C0-4900-8D14-7B992D0648C2}"
EndProject
Project("{9A19103F-16F7-4668-BE54-9A1E7A4F7556}") = "SmartBulb.Data", "SmartBulb.Data\SmartBulb.Data.csproj", "{C961C3A2-A883-474D-A5AF-C8165A7A6345}"
EndProject
Project("{9A19103F-16F7-4668-BE54-9A1E7A4F7556}") = "SmartBulb", "SmartBulb\SmartBulb.csproj", "{31F86999-FFA8-407B-B246-C3E1DB1546C3}"
EndProject
Project("{9A19103F-16F7-4668-BE54-9A1E7A4F7556}") = "Service.TpLinkApi", "Microservices\TpLinkApi\Service.TpLinkApi\Service.TpLinkApi.csproj", "{DD153F10-B8CC-4477-B91D-BE0299150AD4}"
EndProject
Project("{9A19103F-16F7-4668-BE54-9A1E7A4F7556}") = "Service.Script", "Microservices\ScriptService\Service.Script\Service.Script.csproj", "{77CBBE68-7C87-4325-A6FE-0D33433F83EC}"
EndProject
Project("{9A19103F-16F7-4668-BE54-9A1E7A4F7556}") = "HostedServices", "Microservices\HostedServices\HostedServices.csproj", "{4F330B3A-191F-4A22-9CE1-60D77A68169F}"
EndProject
Project("{9A19103F-16F7-4668-BE54-9A1E7A4F7556}") = "Gate", "Microservices\Gate\Gate.csproj", "{0EE1EAB1-5097-434A-A015-A6FF6B9B89CA}"
EndProject
Project("{9A19103F-16F7-4668-BE54-9A1E7A4F7556}") = "TpLinkApi.Implementation", "Microservices\TpLinkApi\TpLinkApi.Implementation\TpLinkApi.Implementation.csproj", "{284AD07B-E5F5-4C02-82D5-BAFADF702EB1}"
EndProject
Project("{9A19103F-16F7-4668-BE54-9A1E7A4F7556}") = "Service.Script.Data", "Microservices\ScriptService\Script.Data\Service.Script.Data.csproj", "{E6AC2E32-4211-4862-9FED-C35A3B57C64C}"
EndProject
Project("{2150E333-8FDC-42A3-9474-1A3956D46DE8}") = "Microservices", "Microservices", "{2729C5BE-7462-467E-A27F-6420D852BF88}"
EndProject
Project("{2150E333-8FDC-42A3-9474-1A3956D46DE8}") = "ScriptService", "ScriptService", "{3C4AF6A7-A935-492A-9213-EA9C1C801C04}"
EndProject
Project("{2150E333-8FDC-42A3-9474-1A3956D46DE8}") = "TpLinkApi", "TpLinkApi", "{4AB3DCAD-E192-43A4-A0E5-E3C1282C6B2D}"
EndProject
Project("{2150E333-8FDC-42A3-9474-1A3956D46DE8}") = "Old", "Old", "{0E6A7CBF-AA8E-4EB9-B697-E1B25FADEC66}"
EndProject
Project("{2150E333-8FDC-42A3-9474-1A3956D46DE8}") = "Front", "Front", "{065B63ED-801F-49A3-A34F-2D79B8B320E5}"
EndProject
Global
	GlobalSection(SolutionConfigurationPlatforms) = preSolution
		Debug|Any CPU = Debug|Any CPU
		Release|Any CPU = Release|Any CPU
	EndGlobalSection
	GlobalSection(ProjectConfigurationPlatforms) = postSolution
		{38C66B61-25C0-4900-8D14-7B992D0648C2}.Debug|Any CPU.ActiveCfg = Debug|Any CPU
		{38C66B61-25C0-4900-8D14-7B992D0648C2}.Debug|Any CPU.Build.0 = Debug|Any CPU
		{38C66B61-25C0-4900-8D14-7B992D0648C2}.Release|Any CPU.ActiveCfg = Release|Any CPU
		{38C66B61-25C0-4900-8D14-7B992D0648C2}.Release|Any CPU.Build.0 = Release|Any CPU
		{C961C3A2-A883-474D-A5AF-C8165A7A6345}.Debug|Any CPU.ActiveCfg = Debug|Any CPU
		{C961C3A2-A883-474D-A5AF-C8165A7A6345}.Debug|Any CPU.Build.0 = Debug|Any CPU
		{C961C3A2-A883-474D-A5AF-C8165A7A6345}.Release|Any CPU.ActiveCfg = Release|Any CPU
		{C961C3A2-A883-474D-A5AF-C8165A7A6345}.Release|Any CPU.Build.0 = Release|Any CPU
		{31F86999-FFA8-407B-B246-C3E1DB1546C3}.Debug|Any CPU.ActiveCfg = Debug|Any CPU
		{31F86999-FFA8-407B-B246-C3E1DB1546C3}.Debug|Any CPU.Build.0 = Debug|Any CPU
		{31F86999-FFA8-407B-B246-C3E1DB1546C3}.Release|Any CPU.ActiveCfg = Release|Any CPU
		{31F86999-FFA8-407B-B246-C3E1DB1546C3}.Release|Any CPU.Build.0 = Release|Any CPU
		{DD153F10-B8CC-4477-B91D-BE0299150AD4}.Debug|Any CPU.ActiveCfg = Debug|Any CPU
		{DD153F10-B8CC-4477-B91D-BE0299150AD4}.Debug|Any CPU.Build.0 = Debug|Any CPU
		{DD153F10-B8CC-4477-B91D-BE0299150AD4}.Release|Any CPU.ActiveCfg = Release|Any CPU
		{DD153F10-B8CC-4477-B91D-BE0299150AD4}.Release|Any CPU.Build.0 = Release|Any CPU
		{77CBBE68-7C87-4325-A6FE-0D33433F83EC}.Debug|Any CPU.ActiveCfg = Debug|Any CPU
		{77CBBE68-7C87-4325-A6FE-0D33433F83EC}.Debug|Any CPU.Build.0 = Debug|Any CPU
		{77CBBE68-7C87-4325-A6FE-0D33433F83EC}.Release|Any CPU.ActiveCfg = Release|Any CPU
		{77CBBE68-7C87-4325-A6FE-0D33433F83EC}.Release|Any CPU.Build.0 = Release|Any CPU
		{4F330B3A-191F-4A22-9CE1-60D77A68169F}.Debug|Any CPU.ActiveCfg = Debug|Any CPU
		{4F330B3A-191F-4A22-9CE1-60D77A68169F}.Debug|Any CPU.Build.0 = Debug|Any CPU
		{4F330B3A-191F-4A22-9CE1-60D77A68169F}.Release|Any CPU.ActiveCfg = Release|Any CPU
		{4F330B3A-191F-4A22-9CE1-60D77A68169F}.Release|Any CPU.Build.0 = Release|Any CPU
		{0EE1EAB1-5097-434A-A015-A6FF6B9B89CA}.Debug|Any CPU.ActiveCfg = Debug|Any CPU
		{0EE1EAB1-5097-434A-A015-A6FF6B9B89CA}.Debug|Any CPU.Build.0 = Debug|Any CPU
		{0EE1EAB1-5097-434A-A015-A6FF6B9B89CA}.Release|Any CPU.ActiveCfg = Release|Any CPU
		{0EE1EAB1-5097-434A-A015-A6FF6B9B89CA}.Release|Any CPU.Build.0 = Release|Any CPU
		{284AD07B-E5F5-4C02-82D5-BAFADF702EB1}.Debug|Any CPU.ActiveCfg = Debug|Any CPU
		{284AD07B-E5F5-4C02-82D5-BAFADF702EB1}.Debug|Any CPU.Build.0 = Debug|Any CPU
		{284AD07B-E5F5-4C02-82D5-BAFADF702EB1}.Release|Any CPU.ActiveCfg = Release|Any CPU
		{284AD07B-E5F5-4C02-82D5-BAFADF702EB1}.Release|Any CPU.Build.0 = Release|Any CPU
		{E6AC2E32-4211-4862-9FED-C35A3B57C64C}.Debug|Any CPU.ActiveCfg = Debug|Any CPU
		{E6AC2E32-4211-4862-9FED-C35A3B57C64C}.Debug|Any CPU.Build.0 = Debug|Any CPU
		{E6AC2E32-4211-4862-9FED-C35A3B57C64C}.Release|Any CPU.ActiveCfg = Release|Any CPU
		{E6AC2E32-4211-4862-9FED-C35A3B57C64C}.Release|Any CPU.Build.0 = Release|Any CPU
	EndGlobalSection
	GlobalSection(SolutionProperties) = preSolution
		HideSolutionNode = FALSE
	EndGlobalSection
	GlobalSection(NestedProjects) = preSolution
		{38C66B61-25C0-4900-8D14-7B992D0648C2} = {0E6A7CBF-AA8E-4EB9-B697-E1B25FADEC66}
		{C961C3A2-A883-474D-A5AF-C8165A7A6345} = {0E6A7CBF-AA8E-4EB9-B697-E1B25FADEC66}
		{31F86999-FFA8-407B-B246-C3E1DB1546C3} = {0E6A7CBF-AA8E-4EB9-B697-E1B25FADEC66}
		{DD153F10-B8CC-4477-B91D-BE0299150AD4} = {4AB3DCAD-E192-43A4-A0E5-E3C1282C6B2D}
		{77CBBE68-7C87-4325-A6FE-0D33433F83EC} = {3C4AF6A7-A935-492A-9213-EA9C1C801C04}
		{4F330B3A-191F-4A22-9CE1-60D77A68169F} = {2729C5BE-7462-467E-A27F-6420D852BF88}
		{0EE1EAB1-5097-434A-A015-A6FF6B9B89CA} = {2729C5BE-7462-467E-A27F-6420D852BF88}
		{284AD07B-E5F5-4C02-82D5-BAFADF702EB1} = {4AB3DCAD-E192-43A4-A0E5-E3C1282C6B2D}
		{E6AC2E32-4211-4862-9FED-C35A3B57C64C} = {3C4AF6A7-A935-492A-9213-EA9C1C801C04}
		{3C4AF6A7-A935-492A-9213-EA9C1C801C04} = {2729C5BE-7462-467E-A27F-6420D852BF88}
		{4AB3DCAD-E192-43A4-A0E5-E3C1282C6B2D} = {2729C5BE-7462-467E-A27F-6420D852BF88}
		{065B63ED-801F-49A3-A34F-2D79B8B320E5} = {2729C5BE-7462-467E-A27F-6420D852BF88}
	EndGlobalSection
	GlobalSection(ExtensibilityGlobals) = postSolution
		SolutionGuid = {D1D59BA1-4B5D-4334-9037-7016E17F46F0}
	EndGlobalSection
EndGlobal
